
Microsoft Visual Studio Solution File, Format Version 12.00
# Visual Studio 15
VisualStudioVersion = 15.0.27428.2037
MinimumVisualStudioVersion = 10.0.40219.1
Project("{FAE04EC0-301F-11D3-BF4B-00C04F79EFBC}") = "DGV_test", "DGV_test\DGV_test.csproj", "{B89B63F4-4074-4AB9-AA84-F2AA9CF6ADAD}"
EndProject
Global
	GlobalSection(SolutionConfigurationPlatforms) = preSolution
		Debug|Any CPU = Debug|Any CPU
		Release|Any CPU = Release|Any CPU
	EndGlobalSection
	GlobalSection(ProjectConfigurationPlatforms) = postSolution
		{B89B63F4-4074-4AB9-AA84-F2AA9CF6ADAD}.Debug|Any CPU.ActiveCfg = Debug|Any CPU
		{B89B63F4-4074-4AB9-AA84-F2AA9CF6ADAD}.Debug|Any CPU.Build.0 = Debug|Any CPU
		{B89B63F4-4074-4AB9-AA84-F2AA9CF6ADAD}.Release|Any CPU.ActiveCfg = Release|Any CPU
		{B89B63F4-4074-4AB9-AA84-F2AA9CF6ADAD}.Release|Any CPU.Build.0 = Release|Any CPU
	EndGlobalSection
	GlobalSection(SolutionProperties) = preSolution
		HideSolutionNode = FALSE
	EndGlobalSection
	GlobalSection(ExtensibilityGlobals) = postSolution
		SolutionGuid = {56EDC774-C32D-4C1B-AB19-DBA45CB0E7A5}
	EndGlobalSection
EndGlobal
