
Microsoft Visual Studio Solution File, Format Version 12.00
# Visual Studio 15
VisualStudioVersion = 15.0.27428.2037
MinimumVisualStudioVersion = 10.0.40219.1
Project("{FAE04EC0-301F-11D3-BF4B-00C04F79EFBC}") = "WinCalculadora", "WinCalculadora\WinCalculadora.csproj", "{00E0DCED-7742-45D5-8BA6-5C0BC5FAB223}"
EndProject
Global
	GlobalSection(SolutionConfigurationPlatforms) = preSolution
		Debug|Any CPU = Debug|Any CPU
		Release|Any CPU = Release|Any CPU
	EndGlobalSection
	GlobalSection(ProjectConfigurationPlatforms) = postSolution
		{00E0DCED-7742-45D5-8BA6-5C0BC5FAB223}.Debug|Any CPU.ActiveCfg = Debug|Any CPU
		{00E0DCED-7742-45D5-8BA6-5C0BC5FAB223}.Debug|Any CPU.Build.0 = Debug|Any CPU
		{00E0DCED-7742-45D5-8BA6-5C0BC5FAB223}.Release|Any CPU.ActiveCfg = Release|Any CPU
		{00E0DCED-7742-45D5-8BA6-5C0BC5FAB223}.Release|Any CPU.Build.0 = Release|Any CPU
	EndGlobalSection
	GlobalSection(SolutionProperties) = preSolution
		HideSolutionNode = FALSE
	EndGlobalSection
	GlobalSection(ExtensibilityGlobals) = postSolution
		SolutionGuid = {E7D5B01F-62F5-42E8-AE7C-A091E2952182}
	EndGlobalSection
EndGlobal
