
Microsoft Visual Studio Solution File, Format Version 12.00
# Visual Studio 15
VisualStudioVersion = 15.0.27428.2002
MinimumVisualStudioVersion = 10.0.40219.1
Project("{FAE04EC0-301F-11D3-BF4B-00C04F79EFBC}") = "Ordenarvetor", "Ordenarvetor\Ordenarvetor.csproj", "{3993C4C3-CA29-41C9-8083-3F6428756103}"
EndProject
Global
	GlobalSection(SolutionConfigurationPlatforms) = preSolution
		Debug|Any CPU = Debug|Any CPU
		Release|Any CPU = Release|Any CPU
	EndGlobalSection
	GlobalSection(ProjectConfigurationPlatforms) = postSolution
		{3993C4C3-CA29-41C9-8083-3F6428756103}.Debug|Any CPU.ActiveCfg = Debug|Any CPU
		{3993C4C3-CA29-41C9-8083-3F6428756103}.Debug|Any CPU.Build.0 = Debug|Any CPU
		{3993C4C3-CA29-41C9-8083-3F6428756103}.Release|Any CPU.ActiveCfg = Release|Any CPU
		{3993C4C3-CA29-41C9-8083-3F6428756103}.Release|Any CPU.Build.0 = Release|Any CPU
	EndGlobalSection
	GlobalSection(SolutionProperties) = preSolution
		HideSolutionNode = FALSE
	EndGlobalSection
	GlobalSection(ExtensibilityGlobals) = postSolution
		SolutionGuid = {47C677FB-7B5F-44B7-ABA5-E07DD5113298}
	EndGlobalSection
EndGlobal
