
Microsoft Visual Studio Solution File, Format Version 12.00
# Visual Studio 15
VisualStudioVersion = 15.0.27428.2002
MinimumVisualStudioVersion = 10.0.40219.1
Project("{FAE04EC0-301F-11D3-BF4B-00C04F79EFBC}") = "ConsoleApp2", "ConsoleApp2\ConsoleApp2.csproj", "{172999F4-584A-4C34-B3E0-89E72DE41538}"
EndProject
Global
	GlobalSection(SolutionConfigurationPlatforms) = preSolution
		Debug|Any CPU = Debug|Any CPU
		Release|Any CPU = Release|Any CPU
	EndGlobalSection
	GlobalSection(ProjectConfigurationPlatforms) = postSolution
		{172999F4-584A-4C34-B3E0-89E72DE41538}.Debug|Any CPU.ActiveCfg = Debug|Any CPU
		{172999F4-584A-4C34-B3E0-89E72DE41538}.Debug|Any CPU.Build.0 = Debug|Any CPU
		{172999F4-584A-4C34-B3E0-89E72DE41538}.Release|Any CPU.ActiveCfg = Release|Any CPU
		{172999F4-584A-4C34-B3E0-89E72DE41538}.Release|Any CPU.Build.0 = Release|Any CPU
	EndGlobalSection
	GlobalSection(SolutionProperties) = preSolution
		HideSolutionNode = FALSE
	EndGlobalSection
	GlobalSection(ExtensibilityGlobals) = postSolution
		SolutionGuid = {9D4377A9-6FDA-4A8A-A3EB-97DE7A5EFF6F}
	EndGlobalSection
EndGlobal
