
Microsoft Visual Studio Solution File, Format Version 12.00
# Visual Studio 15
VisualStudioVersion = 15.0.27428.2037
MinimumVisualStudioVersion = 10.0.40219.1
Project("{FAE04EC0-301F-11D3-BF4B-00C04F79EFBC}") = "imobiliaria", "imobiliaria\imobiliaria.csproj", "{76CFC122-5D1F-42EE-90BF-B4B72B78C962}"
EndProject
Global
	GlobalSection(SolutionConfigurationPlatforms) = preSolution
		Debug|Any CPU = Debug|Any CPU
		Release|Any CPU = Release|Any CPU
	EndGlobalSection
	GlobalSection(ProjectConfigurationPlatforms) = postSolution
		{76CFC122-5D1F-42EE-90BF-B4B72B78C962}.Debug|Any CPU.ActiveCfg = Debug|Any CPU
		{76CFC122-5D1F-42EE-90BF-B4B72B78C962}.Debug|Any CPU.Build.0 = Debug|Any CPU
		{76CFC122-5D1F-42EE-90BF-B4B72B78C962}.Release|Any CPU.ActiveCfg = Release|Any CPU
		{76CFC122-5D1F-42EE-90BF-B4B72B78C962}.Release|Any CPU.Build.0 = Release|Any CPU
	EndGlobalSection
	GlobalSection(SolutionProperties) = preSolution
		HideSolutionNode = FALSE
	EndGlobalSection
	GlobalSection(ExtensibilityGlobals) = postSolution
		SolutionGuid = {162CB96C-2209-4107-9FA9-6180EBE96D3C}
	EndGlobalSection
EndGlobal
