
Microsoft Visual Studio Solution File, Format Version 12.00
# Visual Studio 15
VisualStudioVersion = 15.0.27428.2037
MinimumVisualStudioVersion = 10.0.40219.1
Project("{FAE04EC0-301F-11D3-BF4B-00C04F79EFBC}") = "testandoENUM", "testandoENUM\testandoENUM.csproj", "{788573A8-5D27-46AA-B2E8-F4B7259B47A0}"
EndProject
Global
	GlobalSection(SolutionConfigurationPlatforms) = preSolution
		Debug|Any CPU = Debug|Any CPU
		Release|Any CPU = Release|Any CPU
	EndGlobalSection
	GlobalSection(ProjectConfigurationPlatforms) = postSolution
		{788573A8-5D27-46AA-B2E8-F4B7259B47A0}.Debug|Any CPU.ActiveCfg = Debug|Any CPU
		{788573A8-5D27-46AA-B2E8-F4B7259B47A0}.Debug|Any CPU.Build.0 = Debug|Any CPU
		{788573A8-5D27-46AA-B2E8-F4B7259B47A0}.Release|Any CPU.ActiveCfg = Release|Any CPU
		{788573A8-5D27-46AA-B2E8-F4B7259B47A0}.Release|Any CPU.Build.0 = Release|Any CPU
	EndGlobalSection
	GlobalSection(SolutionProperties) = preSolution
		HideSolutionNode = FALSE
	EndGlobalSection
	GlobalSection(ExtensibilityGlobals) = postSolution
		SolutionGuid = {B7566F38-6A75-44BA-9254-B4B3F8965984}
	EndGlobalSection
EndGlobal
