
Microsoft Visual Studio Solution File, Format Version 12.00
# Visual Studio 15
VisualStudioVersion = 15.0.27428.2037
MinimumVisualStudioVersion = 10.0.40219.1
Project("{FAE04EC0-301F-11D3-BF4B-00C04F79EFBC}") = "DataTable", "DataTable\DataTable.csproj", "{D7656E46-EBCC-4089-8096-9EF2218E216C}"
EndProject
Global
	GlobalSection(SolutionConfigurationPlatforms) = preSolution
		Debug|Any CPU = Debug|Any CPU
		Release|Any CPU = Release|Any CPU
	EndGlobalSection
	GlobalSection(ProjectConfigurationPlatforms) = postSolution
		{D7656E46-EBCC-4089-8096-9EF2218E216C}.Debug|Any CPU.ActiveCfg = Debug|Any CPU
		{D7656E46-EBCC-4089-8096-9EF2218E216C}.Debug|Any CPU.Build.0 = Debug|Any CPU
		{D7656E46-EBCC-4089-8096-9EF2218E216C}.Release|Any CPU.ActiveCfg = Release|Any CPU
		{D7656E46-EBCC-4089-8096-9EF2218E216C}.Release|Any CPU.Build.0 = Release|Any CPU
	EndGlobalSection
	GlobalSection(SolutionProperties) = preSolution
		HideSolutionNode = FALSE
	EndGlobalSection
	GlobalSection(ExtensibilityGlobals) = postSolution
		SolutionGuid = {4BC32E4C-CE38-43A2-8390-0E813659C3FD}
	EndGlobalSection
EndGlobal
