
Microsoft Visual Studio Solution File, Format Version 12.00
# Visual Studio 15
VisualStudioVersion = 15.0.27428.2002
MinimumVisualStudioVersion = 10.0.40219.1
Project("{FAE04EC0-301F-11D3-BF4B-00C04F79EFBC}") = "lojaProdutos", "lojaProdutos\lojaProdutos.csproj", "{3E4FA094-5225-4345-A636-C553AFB1AA74}"
EndProject
Global
	GlobalSection(SolutionConfigurationPlatforms) = preSolution
		Debug|Any CPU = Debug|Any CPU
		Release|Any CPU = Release|Any CPU
	EndGlobalSection
	GlobalSection(ProjectConfigurationPlatforms) = postSolution
		{3E4FA094-5225-4345-A636-C553AFB1AA74}.Debug|Any CPU.ActiveCfg = Debug|Any CPU
		{3E4FA094-5225-4345-A636-C553AFB1AA74}.Debug|Any CPU.Build.0 = Debug|Any CPU
		{3E4FA094-5225-4345-A636-C553AFB1AA74}.Release|Any CPU.ActiveCfg = Release|Any CPU
		{3E4FA094-5225-4345-A636-C553AFB1AA74}.Release|Any CPU.Build.0 = Release|Any CPU
	EndGlobalSection
	GlobalSection(SolutionProperties) = preSolution
		HideSolutionNode = FALSE
	EndGlobalSection
	GlobalSection(ExtensibilityGlobals) = postSolution
		SolutionGuid = {614531D1-E79D-4FEA-BE09-AB8F21C9C37D}
	EndGlobalSection
EndGlobal
