
Microsoft Visual Studio Solution File, Format Version 12.00
# Visual Studio 15
VisualStudioVersion = 15.0.27428.2037
MinimumVisualStudioVersion = 10.0.40219.1
Project("{FAE04EC0-301F-11D3-BF4B-00C04F79EFBC}") = "WindowsFormsApp1", "WindowsFormsApp1\WindowsFormsApp1.csproj", "{89DCF4B0-6555-4F73-87C9-951E3CA01B6F}"
EndProject
Global
	GlobalSection(SolutionConfigurationPlatforms) = preSolution
		Debug|Any CPU = Debug|Any CPU
		Release|Any CPU = Release|Any CPU
	EndGlobalSection
	GlobalSection(ProjectConfigurationPlatforms) = postSolution
		{89DCF4B0-6555-4F73-87C9-951E3CA01B6F}.Debug|Any CPU.ActiveCfg = Debug|Any CPU
		{89DCF4B0-6555-4F73-87C9-951E3CA01B6F}.Debug|Any CPU.Build.0 = Debug|Any CPU
		{89DCF4B0-6555-4F73-87C9-951E3CA01B6F}.Release|Any CPU.ActiveCfg = Release|Any CPU
		{89DCF4B0-6555-4F73-87C9-951E3CA01B6F}.Release|Any CPU.Build.0 = Release|Any CPU
	EndGlobalSection
	GlobalSection(SolutionProperties) = preSolution
		HideSolutionNode = FALSE
	EndGlobalSection
	GlobalSection(ExtensibilityGlobals) = postSolution
		SolutionGuid = {F7DCABCA-345A-4923-99DD-8C69B3C7A31E}
	EndGlobalSection
EndGlobal
