
Microsoft Visual Studio Solution File, Format Version 12.00
# Visual Studio 15
VisualStudioVersion = 15.0.27428.2037
MinimumVisualStudioVersion = 10.0.40219.1
Project("{FAE04EC0-301F-11D3-BF4B-00C04F79EFBC}") = "AIDA", "AIDA\AIDA.csproj", "{F784F63A-9B6F-46FD-9EC3-DE962C43F12A}"
EndProject
Global
	GlobalSection(SolutionConfigurationPlatforms) = preSolution
		Debug|Any CPU = Debug|Any CPU
		Release|Any CPU = Release|Any CPU
	EndGlobalSection
	GlobalSection(ProjectConfigurationPlatforms) = postSolution
		{F784F63A-9B6F-46FD-9EC3-DE962C43F12A}.Debug|Any CPU.ActiveCfg = Debug|Any CPU
		{F784F63A-9B6F-46FD-9EC3-DE962C43F12A}.Debug|Any CPU.Build.0 = Debug|Any CPU
		{F784F63A-9B6F-46FD-9EC3-DE962C43F12A}.Release|Any CPU.ActiveCfg = Release|Any CPU
		{F784F63A-9B6F-46FD-9EC3-DE962C43F12A}.Release|Any CPU.Build.0 = Release|Any CPU
	EndGlobalSection
	GlobalSection(SolutionProperties) = preSolution
		HideSolutionNode = FALSE
	EndGlobalSection
	GlobalSection(ExtensibilityGlobals) = postSolution
		SolutionGuid = {ED595336-F24C-4019-8EE6-7F23E4C6DA04}
	EndGlobalSection
EndGlobal
