
Microsoft Visual Studio Solution File, Format Version 12.00
# Visual Studio 15
VisualStudioVersion = 15.0.27428.2037
MinimumVisualStudioVersion = 10.0.40219.1
Project("{FAE04EC0-301F-11D3-BF4B-00C04F79EFBC}") = "FrmPosto", "FrmPosto\FrmPosto.csproj", "{41CB1927-0806-4429-AE87-F3889BE9E661}"
EndProject
Global
	GlobalSection(SolutionConfigurationPlatforms) = preSolution
		Debug|Any CPU = Debug|Any CPU
		Release|Any CPU = Release|Any CPU
	EndGlobalSection
	GlobalSection(ProjectConfigurationPlatforms) = postSolution
		{41CB1927-0806-4429-AE87-F3889BE9E661}.Debug|Any CPU.ActiveCfg = Debug|Any CPU
		{41CB1927-0806-4429-AE87-F3889BE9E661}.Debug|Any CPU.Build.0 = Debug|Any CPU
		{41CB1927-0806-4429-AE87-F3889BE9E661}.Release|Any CPU.ActiveCfg = Release|Any CPU
		{41CB1927-0806-4429-AE87-F3889BE9E661}.Release|Any CPU.Build.0 = Release|Any CPU
	EndGlobalSection
	GlobalSection(SolutionProperties) = preSolution
		HideSolutionNode = FALSE
	EndGlobalSection
	GlobalSection(ExtensibilityGlobals) = postSolution
		SolutionGuid = {CF163D84-5EBB-4F11-B9D6-F0363B83C566}
	EndGlobalSection
EndGlobal
